// !$*UTF8*$!
{
	archiveVersion = 1;
	classes = {
	};
	objectVersion = 55;
	objects = {

/* Begin PBXBuildFile section */
		28609FD327A4ACDC003A62BA /* I_Am_RichSwiftUIApp.swift in Sources */ = {isa = PBXBuildFile; fileRef = 28609FD227A4ACDC003A62BA /* I_Am_RichSwiftUIApp.swift */; };
		28609FD527A4ACDC003A62BA /* ContentView.swift in Sources */ = {isa = PBXBuildFile; fileRef = 28609FD427A4ACDC003A62BA /* ContentView.swift */; };
		28609FD727A4ACDD003A62BA /* Assets.xcassets in Resources */ = {isa = PBXBuildFile; fileRef = 28609FD627A4ACDD003A62BA /* Assets.xcassets */; };
		28609FDA27A4ACDD003A62BA /* Preview Assets.xcassets in Resources */ = {isa = PBXBuildFile; fileRef = 28609FD927A4ACDD003A62BA /* Preview Assets.xcassets */; };
		28609FE427A4ACDD003A62BA /* I_Am_RichSwiftUITests.swift in Sources */ = {isa = PBXBuildFile; fileRef = 28609FE327A4ACDD003A62BA /* I_Am_RichSwiftUITests.swift */; };
		28609FEE27A4ACDD003A62BA /* I_Am_RichSwiftUIUITests.swift in Sources */ = {isa = PBXBuildFile; fileRef = 28609FED27A4ACDD003A62BA /* I_Am_RichSwiftUIUITests.swift */; };
		28609FF027A4ACDD003A62BA /* I_Am_RichSwiftUIUITestsLaunchTests.swift in Sources */ = {isa = PBXBuildFile; fileRef = 28609FEF27A4ACDD003A62BA /* I_Am_RichSwiftUIUITestsLaunchTests.swift */; };
/* End PBXBuildFile section */

/* Begin PBXContainerItemProxy section */
		28609FE027A4ACDD003A62BA /* PBXContainerItemProxy */ = {
			isa = PBXContainerItemProxy;
			containerPortal = 28609FC727A4ACDC003A62BA /* Project object */;
			proxyType = 1;
			remoteGlobalIDString = 28609FCE27A4ACDC003A62BA;
			remoteInfo = "I Am RichSwiftUI";
		};
		28609FEA27A4ACDD003A62BA /* PBXContainerItemProxy */ = {
			isa = PBXContainerItemProxy;
			containerPortal = 28609FC727A4ACDC003A62BA /* Project object */;
			proxyType = 1;
			remoteGlobalIDString = 28609FCE27A4ACDC003A62BA;
			remoteInfo = "I Am RichSwiftUI";
		};
/* End PBXContainerItemProxy section */

/* Begin PBXFileReference section */
		28609FCF27A4ACDC003A62BA /* I Am RichSwiftUI.app */ = {isa = PBXFileReference; explicitFileType = wrapper.application; includeInIndex = 0; path = "I Am RichSwiftUI.app"; sourceTree = BUILT_PRODUCTS_DIR; };
		28609FD227A4ACDC003A62BA /* I_Am_RichSwiftUIApp.swift */ = {isa = PBXFileReference; lastKnownFileType = sourcecode.swift; path = I_Am_RichSwiftUIApp.swift; sourceTree = "<group>"; };
		28609FD427A4ACDC003A62BA /* ContentView.swift */ = {isa = PBXFileReference; lastKnownFileType = sourcecode.swift; path = ContentView.swift; sourceTree = "<group>"; };
		28609FD627A4ACDD003A62BA /* Assets.xcassets */ = {isa = PBXFileReference; lastKnownFileType = folder.assetcatalog; path = Assets.xcassets; sourceTree = "<group>"; };
		28609FD927A4ACDD003A62BA /* Preview Assets.xcassets */ = {isa = PBXFileReference; lastKnownFileType = folder.assetcatalog; path = "Preview Assets.xcassets"; sourceTree = "<group>"; };
		28609FDF27A4ACDD003A62BA /* I Am RichSwiftUITests.xctest */ = {isa = PBXFileReference; explicitFileType = wrapper.cfbundle; includeInIndex = 0; path = "I Am RichSwiftUITests.xctest"; sourceTree = BUILT_PRODUCTS_DIR; };
		28609FE327A4ACDD003A62BA /* I_Am_RichSwiftUITests.swift */ = {isa = PBXFileReference; lastKnownFileType = sourcecode.swift; path = I_Am_RichSwiftUITests.swift; sourceTree = "<group>"; };
		28609FE927A4ACDD003A62BA /* I Am RichSwiftUIUITests.xctest */ = {isa = PBXFileReference; explicitFileType = wrapper.cfbundle; includeInIndex = 0; path = "I Am RichSwiftUIUITests.xctest"; sourceTree = BUILT_PRODUCTS_DIR; };
		28609FED27A4ACDD003A62BA /* I_Am_RichSwiftUIUITests.swift */ = {isa = PBXFileReference; lastKnownFileType = sourcecode.swift; path = I_Am_RichSwiftUIUITests.swift; sourceTree = "<group>"; };
		28609FEF27A4ACDD003A62BA /* I_Am_RichSwiftUIUITestsLaunchTests.swift */ = {isa = PBXFileReference; lastKnownFileType = sourcecode.swift; path = I_Am_RichSwiftUIUITestsLaunchTests.swift; sourceTree = "<group>"; };
/* End PBXFileReference section */

/* Begin PBXFrameworksBuildPhase section */
		28609FCC27A4ACDC003A62BA /* Frameworks */ = {
			isa = PBXFrameworksBuildPhase;
			buildActionMask = 2147483647;
			files = (
			);
			runOnlyForDeploymentPostprocessing = 0;
		};
		28609FDC27A4ACDD003A62BA /* Frameworks */ = {
			isa = PBXFrameworksBuildPhase;
			buildActionMask = 2147483647;
			files = (
			);
			runOnlyForDeploymentPostprocessing = 0;
		};
		28609FE627A4ACDD003A62BA /* Frameworks */ = {
			isa = PBXFrameworksBuildPhase;
			buildActionMask = 2147483647;
			files = (
			);
			runOnlyForDeploymentPostprocessing = 0;
		};
/* End PBXFrameworksBuildPhase section */

/* Begin PBXGroup section */
		28609FC627A4ACDC003A62BA = {
			isa = PBXGroup;
			children = (
				28609FD127A4ACDC003A62BA /* I Am RichSwiftUI */,
				28609FE227A4ACDD003A62BA /* I Am RichSwiftUITests */,
				28609FEC27A4ACDD003A62BA /* I Am RichSwiftUIUITests */,
				28609FD027A4ACDC003A62BA /* Products */,
			);
			sourceTree = "<group>";
		};
		28609FD027A4ACDC003A62BA /* Products */ = {
			isa = PBXGroup;
			children = (
				28609FCF27A4ACDC003A62BA /* I Am RichSwiftUI.app */,
				28609FDF27A4ACDD003A62BA /* I Am RichSwiftUITests.xctest */,
				28609FE927A4ACDD003A62BA /* I Am RichSwiftUIUITests.xctest */,
			);
			name = Products;
			sourceTree = "<group>";
		};
		28609FD127A4ACDC003A62BA /* I Am RichSwiftUI */ = {
			isa = PBXGroup;
			children = (
				28609FD227A4ACDC003A62BA /* I_Am_RichSwiftUIApp.swift */,
				28609FD427A4ACDC003A62BA /* ContentView.swift */,
				28609FD627A4ACDD003A62BA /* Assets.xcassets */,
				28609FD827A4ACDD003A62BA /* Preview Content */,
			);
			path = "I Am RichSwiftUI";
			sourceTree = "<group>";
		};
		28609FD827A4ACDD003A62BA /* Preview Content */ = {
			isa = PBXGroup;
			children = (
				28609FD927A4ACDD003A62BA /* Preview Assets.xcassets */,
			);
			path = "Preview Content";
			sourceTree = "<group>";
		};
		28609FE227A4ACDD003A62BA /* I Am RichSwiftUITests */ = {
			isa = PBXGroup;
			children = (
				28609FE327A4ACDD003A62BA /* I_Am_RichSwiftUITests.swift */,
			);
			path = "I Am RichSwiftUITests";
			sourceTree = "<group>";
		};
		28609FEC27A4ACDD003A62BA /* I Am RichSwiftUIUITests */ = {
			isa = PBXGroup;
			children = (
				28609FED27A4ACDD003A62BA /* I_Am_RichSwiftUIUITests.swift */,
				28609FEF27A4ACDD003A62BA /* I_Am_RichSwiftUIUITestsLaunchTests.swift */,
			);
			path = "I Am RichSwiftUIUITests";
			sourceTree = "<group>";
		};
/* End PBXGroup section */

/* Begin PBXNativeTarget section */
		28609FCE27A4ACDC003A62BA /* I Am RichSwiftUI */ = {
			isa = PBXNativeTarget;
			buildConfigurationList = 28609FF327A4ACDD003A62BA /* Build configuration list for PBXNativeTarget "I Am RichSwiftUI" */;
			buildPhases = (
				28609FCB27A4ACDC003A62BA /* Sources */,
				28609FCC27A4ACDC003A62BA /* Frameworks */,
				28609FCD27A4ACDC003A62BA /* Resources */,
			);
			buildRules = (
			);
			dependencies = (
			);
			name = "I Am RichSwiftUI";
			productName = "I Am RichSwiftUI";
			productReference = 28609FCF27A4ACDC003A62BA /* I Am RichSwiftUI.app */;
			productType = "com.apple.product-type.application";
		};
		28609FDE27A4ACDD003A62BA /* I Am RichSwiftUITests */ = {
			isa = PBXNativeTarget;
			buildConfigurationList = 28609FF627A4ACDD003A62BA /* Build configuration list for PBXNativeTarget "I Am RichSwiftUITests" */;
			buildPhases = (
				28609FDB27A4ACDD003A62BA /* Sources */,
				28609FDC27A4ACDD003A62BA /* Frameworks */,
				28609FDD27A4ACDD003A62BA /* Resources */,
			);
			buildRules = (
			);
			dependencies = (
				28609FE127A4ACDD003A62BA /* PBXTargetDependency */,
			);
			name = "I Am RichSwiftUITests";
			productName = "I Am RichSwiftUITests";
			productReference = 28609FDF27A4ACDD003A62BA /* I Am RichSwiftUITests.xctest */;
			productType = "com.apple.product-type.bundle.unit-test";
		};
		28609FE827A4ACDD003A62BA /* I Am RichSwiftUIUITests */ = {
			isa = PBXNativeTarget;
			buildConfigurationList = 28609FF927A4ACDD003A62BA /* Build configuration list for PBXNativeTarget "I Am RichSwiftUIUITests" */;
			buildPhases = (
				28609FE527A4ACDD003A62BA /* Sources */,
				28609FE627A4ACDD003A62BA /* Frameworks */,
				28609FE727A4ACDD003A62BA /* Resources */,
			);
			buildRules = (
			);
			dependencies = (
				28609FEB27A4ACDD003A62BA /* PBXTargetDependency */,
			);
			name = "I Am RichSwiftUIUITests";
			productName = "I Am RichSwiftUIUITests";
			productReference = 28609FE927A4ACDD003A62BA /* I Am RichSwiftUIUITests.xctest */;
			productType = "com.apple.product-type.bundle.ui-testing";
		};
/* End PBXNativeTarget section */

/* Begin PBXProject section */
		28609FC727A4ACDC003A62BA /* Project object */ = {
			isa = PBXProject;
			attributes = {
				BuildIndependentTargetsInParallel = 1;
				LastSwiftUpdateCheck = 1320;
				LastUpgradeCheck = 1320;
				TargetAttributes = {
					28609FCE27A4ACDC003A62BA = {
						CreatedOnToolsVersion = 13.2.1;
					};
					28609FDE27A4ACDD003A62BA = {
						CreatedOnToolsVersion = 13.2.1;
						TestTargetID = 28609FCE27A4ACDC003A62BA;
					};
					28609FE827A4ACDD003A62BA = {
						CreatedOnToolsVersion = 13.2.1;
						TestTargetID = 28609FCE27A4ACDC003A62BA;
					};
				};
			};
			buildConfigurationList = 28609FCA27A4ACDC003A62BA /* Build configuration list for PBXProject "I Am RichSwiftUI" */;
			compatibilityVersion = "Xcode 13.0";
			developmentRegion = en;
			hasScannedForEncodings = 0;
			knownRegions = (
				en,
				Base,
			);
			mainGroup = 28609FC627A4ACDC003A62BA;
			productRefGroup = 28609FD027A4ACDC003A62BA /* Products */;
			projectDirPath = "";
			projectRoot = "";
			targets = (
				28609FCE27A4ACDC003A62BA /* I Am RichSwiftUI */,
				28609FDE27A4ACDD003A62BA /* I Am RichSwiftUITests */,
				28609FE827A4ACDD003A62BA /* I Am RichSwiftUIUITests */,
			);
		};
/* End PBXProject section */

/* Begin PBXResourcesBuildPhase section */
		28609FCD27A4ACDC003A62BA /* Resources */ = {
			isa = PBXResourcesBuildPhase;
			buildActionMask = 2147483647;
			files = (
				28609FDA27A4ACDD003A62BA /* Preview Assets.xcassets in Resources */,
				28609FD727A4ACDD003A62BA /* Assets.xcassets in Resources */,
			);
			runOnlyForDeploymentPostprocessing = 0;
		};
		28609FDD27A4ACDD003A62BA /* Resources */ = {
			isa = PBXResourcesBuildPhase;
			buildActionMask = 2147483647;
			files = (
			);
			runOnlyForDeploymentPostprocessing = 0;
		};
		28609FE727A4ACDD003A62BA /* Resources */ = {
			isa = PBXResourcesBuildPhase;
			buildActionMask = 2147483647;
			files = (
			);
			runOnlyForDeploymentPostprocessing = 0;
		};
/* End PBXResourcesBuildPhase section */

/* Begin PBXSourcesBuildPhase section */
		28609FCB27A4ACDC003A62BA /* Sources */ = {
			isa = PBXSourcesBuildPhase;
			buildActionMask = 2147483647;
			files = (
				28609FD527A4ACDC003A62BA /* ContentView.swift in Sources */,
				28609FD327A4ACDC003A62BA /* I_Am_RichSwiftUIApp.swift in Sources */,
			);
			runOnlyForDeploymentPostprocessing = 0;
		};
		28609FDB27A4ACDD003A62BA /* Sources */ = {
			isa = PBXSourcesBuildPhase;
			buildActionMask = 2147483647;
			files = (
				28609FE427A4ACDD003A62BA /* I_Am_RichSwiftUITests.swift in Sources */,
			);
			runOnlyForDeploymentPostprocessing = 0;
		};
		28609FE527A4ACDD003A62BA /* Sources */ = {
			isa = PBXSourcesBuildPhase;
			buildActionMask = 2147483647;
			files = (
				28609FF027A4ACDD003A62BA /* I_Am_RichSwiftUIUITestsLaunchTests.swift in Sources */,
				28609FEE27A4ACDD003A62BA /* I_Am_RichSwiftUIUITests.swift in Sources */,
			);
			runOnlyForDeploymentPostprocessing = 0;
		};
/* End PBXSourcesBuildPhase section */

/* Begin PBXTargetDependency section */
		28609FE127A4ACDD003A62BA /* PBXTargetDependency */ = {
			isa = PBXTargetDependency;
			target = 28609FCE27A4ACDC003A62BA /* I Am RichSwiftUI */;
			targetProxy = 28609FE027A4ACDD003A62BA /* PBXContainerItemProxy */;
		};
		28609FEB27A4ACDD003A62BA /* PBXTargetDependency */ = {
			isa = PBXTargetDependency;
			target = 28609FCE27A4ACDC003A62BA /* I Am RichSwiftUI */;
			targetProxy = 28609FEA27A4ACDD003A62BA /* PBXContainerItemProxy */;
		};
/* End PBXTargetDependency section */

/* Begin XCBuildConfiguration section */
		28609FF127A4ACDD003A62BA /* Debug */ = {
			isa = XCBuildConfiguration;
			buildSettings = {
				ALWAYS_SEARCH_USER_PATHS = NO;
				CLANG_ANALYZER_NONNULL = YES;
				CLANG_ANALYZER_NUMBER_OBJECT_CONVERSION = YES_AGGRESSIVE;
				CLANG_CXX_LANGUAGE_STANDARD = "gnu++17";
				CLANG_CXX_LIBRARY = "libc++";
				CLANG_ENABLE_MODULES = YES;
				CLANG_ENABLE_OBJC_ARC = YES;
				CLANG_ENABLE_OBJC_WEAK = YES;
				CLANG_WARN_BLOCK_CAPTURE_AUTORELEASING = YES;
				CLANG_WARN_BOOL_CONVERSION = YES;
				CLANG_WARN_COMMA = YES;
				CLANG_WARN_CONSTANT_CONVERSION = YES;
				CLANG_WARN_DEPRECATED_OBJC_IMPLEMENTATIONS = YES;
				CLANG_WARN_DIRECT_OBJC_ISA_USAGE = YES_ERROR;
				CLANG_WARN_DOCUMENTATION_COMMENTS = YES;
				CLANG_WARN_EMPTY_BODY = YES;
				CLANG_WARN_ENUM_CONVERSION = YES;
				CLANG_WARN_INFINITE_RECURSION = YES;
				CLANG_WARN_INT_CONVERSION = YES;
				CLANG_WARN_NON_LITERAL_NULL_CONVERSION = YES;
				CLANG_WARN_OBJC_IMPLICIT_RETAIN_SELF = YES;
				CLANG_WARN_OBJC_LITERAL_CONVERSION = YES;
				CLANG_WARN_OBJC_ROOT_CLASS = YES_ERROR;
				CLANG_WARN_QUOTED_INCLUDE_IN_FRAMEWORK_HEADER = YES;
				CLANG_WARN_RANGE_LOOP_ANALYSIS = YES;
				CLANG_WARN_STRICT_PROTOTYPES = YES;
				CLANG_WARN_SUSPICIOUS_MOVE = YES;
				CLANG_WARN_UNGUARDED_AVAILABILITY = YES_AGGRESSIVE;
				CLANG_WARN_UNREACHABLE_CODE = YES;
				CLANG_WARN__DUPLICATE_METHOD_MATCH = YES;
				COPY_PHASE_STRIP = NO;
				DEBUG_INFORMATION_FORMAT = dwarf;
				ENABLE_STRICT_OBJC_MSGSEND = YES;
				ENABLE_TESTABILITY = YES;
				GCC_C_LANGUAGE_STANDARD = gnu11;
				GCC_DYNAMIC_NO_PIC = NO;
				GCC_NO_COMMON_BLOCKS = YES;
				GCC_OPTIMIZATION_LEVEL = 0;
				GCC_PREPROCESSOR_DEFINITIONS = (
					"DEBUG=1",
					"$(inherited)",
				);
				GCC_WARN_64_TO_32_BIT_CONVERSION = YES;
				GCC_WARN_ABOUT_RETURN_TYPE = YES_ERROR;
				GCC_WARN_UNDECLARED_SELECTOR = YES;
				GCC_WARN_UNINITIALIZED_AUTOS = YES_AGGRESSIVE;
				GCC_WARN_UNUSED_FUNCTION = YES;
				GCC_WARN_UNUSED_VARIABLE = YES;
				IPHONEOS_DEPLOYMENT_TARGET = 15.2;
				MTL_ENABLE_DEBUG_INFO = INCLUDE_SOURCE;
				MTL_FAST_MATH = YES;
				ONLY_ACTIVE_ARCH = YES;
				SDKROOT = iphoneos;
				SWIFT_ACTIVE_COMPILATION_CONDITIONS = DEBUG;
				SWIFT_OPTIMIZATION_LEVEL = "-Onone";
			};
			name = Debug;
		};
		28609FF227A4ACDD003A62BA /* Release */ = {
			isa = XCBuildConfiguration;
			buildSettings = {
				ALWAYS_SEARCH_USER_PATHS = NO;
				CLANG_ANALYZER_NONNULL = YES;
				CLANG_ANALYZER_NUMBER_OBJECT_CONVERSION = YES_AGGRESSIVE;
				CLANG_CXX_LANGUAGE_STANDARD = "gnu++17";
				CLANG_CXX_LIBRARY = "libc++";
				CLANG_ENABLE_MODULES = YES;
				CLANG_ENABLE_OBJC_ARC = YES;
				CLANG_ENABLE_OBJC_WEAK = YES;
				CLANG_WARN_BLOCK_CAPTURE_AUTORELEASING = YES;
				CLANG_WARN_BOOL_CONVERSION = YES;
				CLANG_WARN_COMMA = YES;
				CLANG_WARN_CONSTANT_CONVERSION = YES;
				CLANG_WARN_DEPRECATED_OBJC_IMPLEMENTATIONS = YES;
				CLANG_WARN_DIRECT_OBJC_ISA_USAGE = YES_ERROR;
				CLANG_WARN_DOCUMENTATION_COMMENTS = YES;
				CLANG_WARN_EMPTY_BODY = YES;
				CLANG_WARN_ENUM_CONVERSION = YES;
				CLANG_WARN_INFINITE_RECURSION = YES;
				CLANG_WARN_INT_CONVERSION = YES;
				CLANG_WARN_NON_LITERAL_NULL_CONVERSION = YES;
				CLANG_WARN_OBJC_IMPLICIT_RETAIN_SELF = YES;
				CLANG_WARN_OBJC_LITERAL_CONVERSION = YES;
				CLANG_WARN_OBJC_ROOT_CLASS = YES_ERROR;
				CLANG_WARN_QUOTED_INCLUDE_IN_FRAMEWORK_HEADER = YES;
				CLANG_WARN_RANGE_LOOP_ANALYSIS = YES;
				CLANG_WARN_STRICT_PROTOTYPES = YES;
				CLANG_WARN_SUSPICIOUS_MOVE = YES;
				CLANG_WARN_UNGUARDED_AVAILABILITY = YES_AGGRESSIVE;
				CLANG_WARN_UNREACHABLE_CODE = YES;
				CLANG_WARN__DUPLICATE_METHOD_MATCH = YES;
				COPY_PHASE_STRIP = NO;
				DEBUG_INFORMATION_FORMAT = "dwarf-with-dsym";
				ENABLE_NS_ASSERTIONS = NO;
				ENABLE_STRICT_OBJC_MSGSEND = YES;
				GCC_C_LANGUAGE_STANDARD = gnu11;
				GCC_NO_COMMON_BLOCKS = YES;
				GCC_WARN_64_TO_32_BIT_CONVERSION = YES;
				GCC_WARN_ABOUT_RETURN_TYPE = YES_ERROR;
				GCC_WARN_UNDECLARED_SELECTOR = YES;
				GCC_WARN_UNINITIALIZED_AUTOS = YES_AGGRESSIVE;
				GCC_WARN_UNUSED_FUNCTION = YES;
				GCC_WARN_UNUSED_VARIABLE = YES;
				IPHONEOS_DEPLOYMENT_TARGET = 15.2;
				MTL_ENABLE_DEBUG_INFO = NO;
				MTL_FAST_MATH = YES;
				SDKROOT = iphoneos;
				SWIFT_COMPILATION_MODE = wholemodule;
				SWIFT_OPTIMIZATION_LEVEL = "-O";
				VALIDATE_PRODUCT = YES;
			};
			name = Release;
		};
		28609FF427A4ACDD003A62BA /* Debug */ = {
			isa = XCBuildConfiguration;
			buildSettings = {
				ASSETCATALOG_COMPILER_APPICON_NAME = AppIcon;
				ASSETCATALOG_COMPILER_GLOBAL_ACCENT_COLOR_NAME = AccentColor;
				CODE_SIGN_STYLE = Automatic;
				CURRENT_PROJECT_VERSION = 1;
				DEVELOPMENT_ASSET_PATHS = "\"I Am RichSwiftUI/Preview Content\"";
				DEVELOPMENT_TEAM = 9FC4TMQV7C;
				ENABLE_PREVIEWS = YES;
				GENERATE_INFOPLIST_FILE = YES;
				INFOPLIST_KEY_UIApplicationSceneManifest_Generation = YES;
				INFOPLIST_KEY_UIApplicationSupportsIndirectInputEvents = YES;
				INFOPLIST_KEY_UILaunchScreen_Generation = YES;
				INFOPLIST_KEY_UISupportedInterfaceOrientations_iPad = "UIInterfaceOrientationPortrait UIInterfaceOrientationPortraitUpsideDown UIInterfaceOrientationLandscapeLeft UIInterfaceOrientationLandscapeRight";
				INFOPLIST_KEY_UISupportedInterfaceOrientations_iPhone = "UIInterfaceOrientationPortrait UIInterfaceOrientationLandscapeLeft UIInterfaceOrientationLandscapeRight";
				LD_RUNPATH_SEARCH_PATHS = (
					"$(inherited)",
					"@executable_path/Frameworks",
				);
				MARKETING_VERSION = 1.0;
				PRODUCT_BUNDLE_IDENTIFIER = "co.olvera.I-Am-RichSwiftUI";
				PRODUCT_NAME = "$(TARGET_NAME)";
				SWIFT_EMIT_LOC_STRINGS = YES;
				SWIFT_VERSION = 5.0;
				TARGETED_DEVICE_FAMILY = "1,2";
			};
			name = Debug;
		};
		28609FF527A4ACDD003A62BA /* Release */ = {
			isa = XCBuildConfiguration;
			buildSettings = {
				ASSETCATALOG_COMPILER_APPICON_NAME = AppIcon;
				ASSETCATALOG_COMPILER_GLOBAL_ACCENT_COLOR_NAME = AccentColor;
				CODE_SIGN_STYLE = Automatic;
				CURRENT_PROJECT_VERSION = 1;
				DEVELOPMENT_ASSET_PATHS = "\"I Am RichSwiftUI/Preview Content\"";
				DEVELOPMENT_TEAM = 9FC4TMQV7C;
				ENABLE_PREVIEWS = YES;
				GENERATE_INFOPLIST_FILE = YES;
				INFOPLIST_KEY_UIApplicationSceneManifest_Generation = YES;
				INFOPLIST_KEY_UIApplicationSupportsIndirectInputEvents = YES;
				INFOPLIST_KEY_UILaunchScreen_Generation = YES;
				INFOPLIST_KEY_UISupportedInterfaceOrientations_iPad = "UIInterfaceOrientationPortrait UIInterfaceOrientationPortraitUpsideDown UIInterfaceOrientationLandscapeLeft UIInterfaceOrientationLandscapeRight";
				INFOPLIST_KEY_UISupportedInterfaceOrientations_iPhone = "UIInterfaceOrientationPortrait UIInterfaceOrientationLandscapeLeft UIInterfaceOrientationLandscapeRight";
				LD_RUNPATH_SEARCH_PATHS = (
					"$(inherited)",
					"@executable_path/Frameworks",
				);
				MARKETING_VERSION = 1.0;
				PRODUCT_BUNDLE_IDENTIFIER = "co.olvera.I-Am-RichSwiftUI";
				PRODUCT_NAME = "$(TARGET_NAME)";
				SWIFT_EMIT_LOC_STRINGS = YES;
				SWIFT_VERSION = 5.0;
				TARGETED_DEVICE_FAMILY = "1,2";
			};
			name = Release;
		};
		28609FF727A4ACDD003A62BA /* Debug */ = {
			isa = XCBuildConfiguration;
			buildSettings = {
				ALWAYS_EMBED_SWIFT_STANDARD_LIBRARIES = YES;
				BUNDLE_LOADER = "$(TEST_HOST)";
				CODE_SIGN_STYLE = Automatic;
				CURRENT_PROJECT_VERSION = 1;
				DEVELOPMENT_TEAM = 9FC4TMQV7C;
				GENERATE_INFOPLIST_FILE = YES;
				IPHONEOS_DEPLOYMENT_TARGET = 15.2;
				MARKETING_VERSION = 1.0;
				PRODUCT_BUNDLE_IDENTIFIER = "co.olvera.I-Am-RichSwiftUITests";
				PRODUCT_NAME = "$(TARGET_NAME)";
				SWIFT_EMIT_LOC_STRINGS = NO;
				SWIFT_VERSION = 5.0;
				TARGETED_DEVICE_FAMILY = "1,2";
				TEST_HOST = "$(BUILT_PRODUCTS_DIR)/I Am RichSwiftUI.app/I Am RichSwiftUI";
			};
			name = Debug;
		};
		28609FF827A4ACDD003A62BA /* Release */ = {
			isa = XCBuildConfiguration;
			buildSettings = {
				ALWAYS_EMBED_SWIFT_STANDARD_LIBRARIES = YES;
				BUNDLE_LOADER = "$(TEST_HOST)";
				CODE_SIGN_STYLE = Automatic;
				CURRENT_PROJECT_VERSION = 1;
				DEVELOPMENT_TEAM = 9FC4TMQV7C;
				GENERATE_INFOPLIST_FILE = YES;
				IPHONEOS_DEPLOYMENT_TARGET = 15.2;
				MARKETING_VERSION = 1.0;
				PRODUCT_BUNDLE_IDENTIFIER = "co.olvera.I-Am-RichSwiftUITests";
				PRODUCT_NAME = "$(TARGET_NAME)";
				SWIFT_EMIT_LOC_STRINGS = NO;
				SWIFT_VERSION = 5.0;
				TARGETED_DEVICE_FAMILY = "1,2";
				TEST_HOST = "$(BUILT_PRODUCTS_DIR)/I Am RichSwiftUI.app/I Am RichSwiftUI";
			};
			name = Release;
		};
		28609FFA27A4ACDD003A62BA /* Debug */ = {
			isa = XCBuildConfiguration;
			buildSettings = {
				ALWAYS_EMBED_SWIFT_STANDARD_LIBRARIES = YES;
				CODE_SIGN_STYLE = Automatic;
				CURRENT_PROJECT_VERSION = 1;
				DEVELOPMENT_TEAM = 9FC4TMQV7C;
				GENERATE_INFOPLIST_FILE = YES;
				MARKETING_VERSION = 1.0;
				PRODUCT_BUNDLE_IDENTIFIER = "co.olvera.I-Am-RichSwiftUIUITests";
				PRODUCT_NAME = "$(TARGET_NAME)";
				SWIFT_EMIT_LOC_STRINGS = NO;
				SWIFT_VERSION = 5.0;
				TARGETED_DEVICE_FAMILY = "1,2";
				TEST_TARGET_NAME = "I Am RichSwiftUI";
			};
			name = Debug;
		};
		28609FFB27A4ACDD003A62BA /* Release */ = {
			isa = XCBuildConfiguration;
			buildSettings = {
				ALWAYS_EMBED_SWIFT_STANDARD_LIBRARIES = YES;
				CODE_SIGN_STYLE = Automatic;
				CURRENT_PROJECT_VERSION = 1;
				DEVELOPMENT_TEAM = 9FC4TMQV7C;
				GENERATE_INFOPLIST_FILE = YES;
				MARKETING_VERSION = 1.0;
				PRODUCT_BUNDLE_IDENTIFIER = "co.olvera.I-Am-RichSwiftUIUITests";
				PRODUCT_NAME = "$(TARGET_NAME)";
				SWIFT_EMIT_LOC_STRINGS = NO;
				SWIFT_VERSION = 5.0;
				TARGETED_DEVICE_FAMILY = "1,2";
				TEST_TARGET_NAME = "I Am RichSwiftUI";
			};
			name = Release;
		};
/* End XCBuildConfiguration section */

/* Begin XCConfigurationList section */
		28609FCA27A4ACDC003A62BA /* Build configuration list for PBXProject "I Am RichSwiftUI" */ = {
			isa = XCConfigurationList;
			buildConfigurations = (
				28609FF127A4ACDD003A62BA /* Debug */,
				28609FF227A4ACDD003A62BA /* Release */,
			);
			defaultConfigurationIsVisible = 0;
			defaultConfigurationName = Release;
		};
		28609FF327A4ACDD003A62BA /* Build configuration list for PBXNativeTarget "I Am RichSwiftUI" */ = {
			isa = XCConfigurationList;
			buildConfigurations = (
				28609FF427A4ACDD003A62BA /* Debug */,
				28609FF527A4ACDD003A62BA /* Release */,
			);
			defaultConfigurationIsVisible = 0;
			defaultConfigurationName = Release;
		};
		28609FF627A4ACDD003A62BA /* Build configuration list for PBXNativeTarget "I Am RichSwiftUITests" */ = {
			isa = XCConfigurationList;
			buildConfigurations = (
				28609FF727A4ACDD003A62BA /* Debug */,
				28609FF827A4ACDD003A62BA /* Release */,
			);
			defaultConfigurationIsVisible = 0;
			defaultConfigurationName = Release;
		};
		28609FF927A4ACDD003A62BA /* Build configuration list for PBXNativeTarget "I Am RichSwiftUIUITests" */ = {
			isa = XCConfigurationList;
			buildConfigurations = (
				28609FFA27A4ACDD003A62BA /* Debug */,
				28609FFB27A4ACDD003A62BA /* Release */,
			);
			defaultConfigurationIsVisible = 0;
			defaultConfigurationName = Release;
		};
/* End XCConfigurationList section */
	};
	rootObject = 28609FC727A4ACDC003A62BA /* Project object */;
}
